// !$*UTF8*$!
{
	archiveVersion = 1;
	classes = {
	};
	objectVersion = 46;
	objects = {

/* Begin PBXBuildFile section */
		245C5D971B21A0C000DA1686 /* main.m in Sources */ = {isa = PBXBuildFile; fileRef = 245C5D961B21A0C000DA1686 /* main.m */; };
		245C5D9A1B21A0C000DA1686 /* AppDelegate.m in Sources */ = {isa = PBXBuildFile; fileRef = 245C5D991B21A0C000DA1686 /* AppDelegate.m */; };
		245C5D9D1B21A0C000DA1686 /* ViewController.m in Sources */ = {isa = PBXBuildFile; fileRef = 245C5D9C1B21A0C000DA1686 /* ViewController.m */; };
		245C5DA01B21A0C000DA1686 /* Main.storyboard in Resources */ = {isa = PBXBuildFile; fileRef = 245C5D9E1B21A0C000DA1686 /* Main.storyboard */; };
		245C5DA21B21A0C000DA1686 /* Images.xcassets in Resources */ = {isa = PBXBuildFile; fileRef = 245C5DA11B21A0C000DA1686 /* Images.xcassets */; };
		245C5DA51B21A0C000DA1686 /* LaunchScreen.xib in Resources */ = {isa = PBXBuildFile; fileRef = 245C5DA31B21A0C000DA1686 /* LaunchScreen.xib */; };
		245C5DB11B21A0C000DA1686 /* __5_UI_HWTests.m in Sources */ = {isa = PBXBuildFile; fileRef = 245C5DB01B21A0C000DA1686 /* __5_UI_HWTests.m */; };
/* End PBXBuildFile section */

/* Begin PBXContainerItemProxy section */
		245C5DAB1B21A0C000DA1686 /* PBXContainerItemProxy */ = {
			isa = PBXContainerItemProxy;
			containerPortal = 245C5D891B21A0BF00DA1686 /* Project object */;
			proxyType = 1;
			remoteGlobalIDString = 245C5D901B21A0C000DA1686;
			remoteInfo = 6.5.UI.HW;
		};
/* End PBXContainerItemProxy section */

/* Begin PBXFileReference section */
		245C5D911B21A0C000DA1686 /* 6.5.UI.HW.app */ = {isa = PBXFileReference; explicitFileType = wrapper.application; includeInIndex = 0; path = 6.5.UI.HW.app; sourceTree = BUILT_PRODUCTS_DIR; };
		245C5D951B21A0C000DA1686 /* Info.plist */ = {isa = PBXFileReference; lastKnownFileType = text.plist.xml; path = Info.plist; sourceTree = "<group>"; };
		245C5D961B21A0C000DA1686 /* main.m */ = {isa = PBXFileReference; lastKnownFileType = sourcecode.c.objc; path = main.m; sourceTree = "<group>"; };
		245C5D981B21A0C000DA1686 /* AppDelegate.h */ = {isa = PBXFileReference; lastKnownFileType = sourcecode.c.h; path = AppDelegate.h; sourceTree = "<group>"; };
		245C5D991B21A0C000DA1686 /* AppDelegate.m */ = {isa = PBXFileReference; lastKnownFileType = sourcecode.c.objc; path = AppDelegate.m; sourceTree = "<group>"; };
		245C5D9B1B21A0C000DA1686 /* ViewController.h */ = {isa = PBXFileReference; lastKnownFileType = sourcecode.c.h; path = ViewController.h; sourceTree = "<group>"; };
		245C5D9C1B21A0C000DA1686 /* ViewController.m */ = {isa = PBXFileReference; lastKnownFileType = sourcecode.c.objc; path = ViewController.m; sourceTree = "<group>"; };
		245C5D9F1B21A0C000DA1686 /* Base */ = {isa = PBXFileReference; lastKnownFileType = file.storyboard; name = Base; path = Base.lproj/Main.storyboard; sourceTree = "<group>"; };
		245C5DA11B21A0C000DA1686 /* Images.xcassets */ = {isa = PBXFileReference; lastKnownFileType = folder.assetcatalog; path = Images.xcassets; sourceTree = "<group>"; };
		245C5DA41B21A0C000DA1686 /* Base */ = {isa = PBXFileReference; lastKnownFileType = file.xib; name = Base; path = Base.lproj/LaunchScreen.xib; sourceTree = "<group>"; };
		245C5DAA1B21A0C000DA1686 /* 6.5.UI.HWTests.xctest */ = {isa = PBXFileReference; explicitFileType = wrapper.cfbundle; includeInIndex = 0; path = 6.5.UI.HWTests.xctest; sourceTree = BUILT_PRODUCTS_DIR; };
		245C5DAF1B21A0C000DA1686 /* Info.plist */ = {isa = PBXFileReference; lastKnownFileType = text.plist.xml; path = Info.plist; sourceTree = "<group>"; };
		245C5DB01B21A0C000DA1686 /* __5_UI_HWTests.m */ = {isa = PBXFileReference; lastKnownFileType = sourcecode.c.objc; path = __5_UI_HWTests.m; sourceTree = "<group>"; };
/* End PBXFileReference section */

/* Begin PBXFrameworksBuildPhase section */
		245C5D8E1B21A0C000DA1686 /* Frameworks */ = {
			isa = PBXFrameworksBuildPhase;
			buildActionMask = 2147483647;
			files = (
			);
			runOnlyForDeploymentPostprocessing = 0;
		};
		245C5DA71B21A0C000DA1686 /* Frameworks */ = {
			isa = PBXFrameworksBuildPhase;
			buildActionMask = 2147483647;
			files = (
			);
			runOnlyForDeploymentPostprocessing = 0;
		};
/* End PBXFrameworksBuildPhase section */

/* Begin PBXGroup section */
		245C5D881B21A0BF00DA1686 = {
			isa = PBXGroup;
			children = (
				245C5D931B21A0C000DA1686 /* 6.5.UI.HW */,
				245C5DAD1B21A0C000DA1686 /* 6.5.UI.HWTests */,
				245C5D921B21A0C000DA1686 /* Products */,
			);
			sourceTree = "<group>";
		};
		245C5D921B21A0C000DA1686 /* Products */ = {
			isa = PBXGroup;
			children = (
				245C5D911B21A0C000DA1686 /* 6.5.UI.HW.app */,
				245C5DAA1B21A0C000DA1686 /* 6.5.UI.HWTests.xctest */,
			);
			name = Products;
			sourceTree = "<group>";
		};
		245C5D931B21A0C000DA1686 /* 6.5.UI.HW */ = {
			isa = PBXGroup;
			children = (
				245C5D981B21A0C000DA1686 /* AppDelegate.h */,
				245C5D991B21A0C000DA1686 /* AppDelegate.m */,
				245C5D9B1B21A0C000DA1686 /* ViewController.h */,
				245C5D9C1B21A0C000DA1686 /* ViewController.m */,
				245C5D9E1B21A0C000DA1686 /* Main.storyboard */,
				245C5DA11B21A0C000DA1686 /* Images.xcassets */,
				245C5DA31B21A0C000DA1686 /* LaunchScreen.xib */,
				245C5D941B21A0C000DA1686 /* Supporting Files */,
			);
			path = 6.5.UI.HW;
			sourceTree = "<group>";
		};
		245C5D941B21A0C000DA1686 /* Supporting Files */ = {
			isa = PBXGroup;
			children = (
				245C5D951B21A0C000DA1686 /* Info.plist */,
				245C5D961B21A0C000DA1686 /* main.m */,
			);
			name = "Supporting Files";
			sourceTree = "<group>";
		};
		245C5DAD1B21A0C000DA1686 /* 6.5.UI.HWTests */ = {
			isa = PBXGroup;
			children = (
				245C5DB01B21A0C000DA1686 /* __5_UI_HWTests.m */,
				245C5DAE1B21A0C000DA1686 /* Supporting Files */,
			);
			path = 6.5.UI.HWTests;
			sourceTree = "<group>";
		};
		245C5DAE1B21A0C000DA1686 /* Supporting Files */ = {
			isa = PBXGroup;
			children = (
				245C5DAF1B21A0C000DA1686 /* Info.plist */,
			);
			name = "Supporting Files";
			sourceTree = "<group>";
		};
/* End PBXGroup section */

/* Begin PBXNativeTarget section */
		245C5D901B21A0C000DA1686 /* 6.5.UI.HW */ = {
			isa = PBXNativeTarget;
			buildConfigurationList = 245C5DB41B21A0C000DA1686 /* Build configuration list for PBXNativeTarget "6.5.UI.HW" */;
			buildPhases = (
				245C5D8D1B21A0C000DA1686 /* Sources */,
				245C5D8E1B21A0C000DA1686 /* Frameworks */,
				245C5D8F1B21A0C000DA1686 /* Resources */,
			);
			buildRules = (
			);
			dependencies = (
			);
			name = 6.5.UI.HW;
			productName = 6.5.UI.HW;
			productReference = 245C5D911B21A0C000DA1686 /* 6.5.UI.HW.app */;
			productType = "com.apple.product-type.application";
		};
		245C5DA91B21A0C000DA1686 /* 6.5.UI.HWTests */ = {
			isa = PBXNativeTarget;
			buildConfigurationList = 245C5DB71B21A0C000DA1686 /* Build configuration list for PBXNativeTarget "6.5.UI.HWTests" */;
			buildPhases = (
				245C5DA61B21A0C000DA1686 /* Sources */,
				245C5DA71B21A0C000DA1686 /* Frameworks */,
				245C5DA81B21A0C000DA1686 /* Resources */,
			);
			buildRules = (
			);
			dependencies = (
				245C5DAC1B21A0C000DA1686 /* PBXTargetDependency */,
			);
			name = 6.5.UI.HWTests;
			productName = 6.5.UI.HWTests;
			productReference = 245C5DAA1B21A0C000DA1686 /* 6.5.UI.HWTests.xctest */;
			productType = "com.apple.product-type.bundle.unit-test";
		};
/* End PBXNativeTarget section */

/* Begin PBXProject section */
		245C5D891B21A0BF00DA1686 /* Project object */ = {
			isa = PBXProject;
			attributes = {
				LastUpgradeCheck = 0630;
				ORGANIZATIONNAME = rectinajh;
				TargetAttributes = {
					245C5D901B21A0C000DA1686 = {
						CreatedOnToolsVersion = 6.3;
					};
					245C5DA91B21A0C000DA1686 = {
						CreatedOnToolsVersion = 6.3;
						TestTargetID = 245C5D901B21A0C000DA1686;
					};
				};
			};
			buildConfigurationList = 245C5D8C1B21A0BF00DA1686 /* Build configuration list for PBXProject "6.5.UI.HW" */;
			compatibilityVersion = "Xcode 3.2";
			developmentRegion = English;
			hasScannedForEncodings = 0;
			knownRegions = (
				en,
				Base,
			);
			mainGroup = 245C5D881B21A0BF00DA1686;
			productRefGroup = 245C5D921B21A0C000DA1686 /* Products */;
			projectDirPath = "";
			projectRoot = "";
			targets = (
				245C5D901B21A0C000DA1686 /* 6.5.UI.HW */,
				245C5DA91B21A0C000DA1686 /* 6.5.UI.HWTests */,
			);
		};
/* End PBXProject section */

/* Begin PBXResourcesBuildPhase section */
		245C5D8F1B21A0C000DA1686 /* Resources */ = {
			isa = PBXResourcesBuildPhase;
			buildActionMask = 2147483647;
			files = (
				245C5DA01B21A0C000DA1686 /* Main.storyboard in Resources */,
				245C5DA51B21A0C000DA1686 /* LaunchScreen.xib in Resources */,
				245C5DA21B21A0C000DA1686 /* Images.xcassets in Resources */,
			);
			runOnlyForDeploymentPostprocessing = 0;
		};
		245C5DA81B21A0C000DA1686 /* Resources */ = {
			isa = PBXResourcesBuildPhase;
			buildActionMask = 2147483647;
			files = (
			);
			runOnlyForDeploymentPostprocessing = 0;
		};
/* End PBXResourcesBuildPhase section */

/* Begin PBXSourcesBuildPhase section */
		245C5D8D1B21A0C000DA1686 /* Sources */ = {
			isa = PBXSourcesBuildPhase;
			buildActionMask = 2147483647;
			files = (
				245C5D9D1B21A0C000DA1686 /* ViewController.m in Sources */,
				245C5D9A1B21A0C000DA1686 /* AppDelegate.m in Sources */,
				245C5D971B21A0C000DA1686 /* main.m in Sources */,
			);
			runOnlyForDeploymentPostprocessing = 0;
		};
		245C5DA61B21A0C000DA1686 /* Sources */ = {
			isa = PBXSourcesBuildPhase;
			buildActionMask = 2147483647;
			files = (
				245C5DB11B21A0C000DA1686 /* __5_UI_HWTests.m in Sources */,
			);
			runOnlyForDeploymentPostprocessing = 0;
		};
/* End PBXSourcesBuildPhase section */

/* Begin PBXTargetDependency section */
		245C5DAC1B21A0C000DA1686 /* PBXTargetDependency */ = {
			isa = PBXTargetDependency;
			target = 245C5D901B21A0C000DA1686 /* 6.5.UI.HW */;
			targetProxy = 245C5DAB1B21A0C000DA1686 /* PBXContainerItemProxy */;
		};
/* End PBXTargetDependency section */

/* Begin PBXVariantGroup section */
		245C5D9E1B21A0C000DA1686 /* Main.storyboard */ = {
			isa = PBXVariantGroup;
			children = (
				245C5D9F1B21A0C000DA1686 /* Base */,
			);
			name = Main.storyboard;
			sourceTree = "<group>";
		};
		245C5DA31B21A0C000DA1686 /* LaunchScreen.xib */ = {
			isa = PBXVariantGroup;
			children = (
				245C5DA41B21A0C000DA1686 /* Base */,
			);
			name = LaunchScreen.xib;
			sourceTree = "<group>";
		};
/* End PBXVariantGroup section */

/* Begin XCBuildConfiguration section */
		245C5DB21B21A0C000DA1686 /* Debug */ = {
			isa = XCBuildConfiguration;
			buildSettings = {
				ALWAYS_SEARCH_USER_PATHS = NO;
				CLANG_CXX_LANGUAGE_STANDARD = "gnu++0x";
				CLANG_CXX_LIBRARY = "libc++";
				CLANG_ENABLE_MODULES = YES;
				CLANG_ENABLE_OBJC_ARC = YES;
				CLANG_WARN_BOOL_CONVERSION = YES;
				CLANG_WARN_CONSTANT_CONVERSION = YES;
				CLANG_WARN_DIRECT_OBJC_ISA_USAGE = YES_ERROR;
				CLANG_WARN_EMPTY_BODY = YES;
				CLANG_WARN_ENUM_CONVERSION = YES;
				CLANG_WARN_INT_CONVERSION = YES;
				CLANG_WARN_OBJC_ROOT_CLASS = YES_ERROR;
				CLANG_WARN_UNREACHABLE_CODE = YES;
				CLANG_WARN__DUPLICATE_METHOD_MATCH = YES;
				"CODE_SIGN_IDENTITY[sdk=iphoneos*]" = "iPhone Developer";
				COPY_PHASE_STRIP = NO;
				DEBUG_INFORMATION_FORMAT = "dwarf-with-dsym";
				ENABLE_STRICT_OBJC_MSGSEND = YES;
				GCC_C_LANGUAGE_STANDARD = gnu99;
				GCC_DYNAMIC_NO_PIC = NO;
				GCC_NO_COMMON_BLOCKS = YES;
				GCC_OPTIMIZATION_LEVEL = 0;
				GCC_PREPROCESSOR_DEFINITIONS = (
					"DEBUG=1",
					"$(inherited)",
				);
				GCC_SYMBOLS_PRIVATE_EXTERN = NO;
				GCC_WARN_64_TO_32_BIT_CONVERSION = YES;
				GCC_WARN_ABOUT_RETURN_TYPE = YES_ERROR;
				GCC_WARN_UNDECLARED_SELECTOR = YES;
				GCC_WARN_UNINITIALIZED_AUTOS = YES_AGGRESSIVE;
				GCC_WARN_UNUSED_FUNCTION = YES;
				GCC_WARN_UNUSED_VARIABLE = YES;
				IPHONEOS_DEPLOYMENT_TARGET = 8.3;
				MTL_ENABLE_DEBUG_INFO = YES;
				ONLY_ACTIVE_ARCH = YES;
				SDKROOT = iphoneos;
				TARGETED_DEVICE_FAMILY = "1,2";
			};
			name = Debug;
		};
		245C5DB31B21A0C000DA1686 /* Release */ = {
			isa = XCBuildConfiguration;
			buildSettings = {
				ALWAYS_SEARCH_USER_PATHS = NO;
				CLANG_CXX_LANGUAGE_STANDARD = "gnu++0x";
				CLANG_CXX_LIBRARY = "libc++";
				CLANG_ENABLE_MODULES = YES;
				CLANG_ENABLE_OBJC_ARC = YES;
				CLANG_WARN_BOOL_CONVERSION = YES;
				CLANG_WARN_CONSTANT_CONVERSION = YES;
				CLANG_WARN_DIRECT_OBJC_ISA_USAGE = YES_ERROR;
				CLANG_WARN_EMPTY_BODY = YES;
				CLANG_WARN_ENUM_CONVERSION = YES;
				CLANG_WARN_INT_CONVERSION = YES;
				CLANG_WARN_OBJC_ROOT_CLASS = YES_ERROR;
				CLANG_WARN_UNREACHABLE_CODE = YES;
				CLANG_WARN__DUPLICATE_METHOD_MATCH = YES;
				"CODE_SIGN_IDENTITY[sdk=iphoneos*]" = "iPhone Developer";
				COPY_PHASE_STRIP = NO;
				DEBUG_INFORMATION_FORMAT = "dwarf-with-dsym";
				ENABLE_NS_ASSERTIONS = NO;
				ENABLE_STRICT_OBJC_MSGSEND = YES;
				GCC_C_LANGUAGE_STANDARD = gnu99;
				GCC_NO_COMMON_BLOCKS = YES;
				GCC_WARN_64_TO_32_BIT_CONVERSION = YES;
				GCC_WARN_ABOUT_RETURN_TYPE = YES_ERROR;
				GCC_WARN_UNDECLARED_SELECTOR = YES;
				GCC_WARN_UNINITIALIZED_AUTOS = YES_AGGRESSIVE;
				GCC_WARN_UNUSED_FUNCTION = YES;
				GCC_WARN_UNUSED_VARIABLE = YES;
				IPHONEOS_DEPLOYMENT_TARGET = 8.3;
				MTL_ENABLE_DEBUG_INFO = NO;
				SDKROOT = iphoneos;
				TARGETED_DEVICE_FAMILY = "1,2";
				VALIDATE_PRODUCT = YES;
			};
			name = Release;
		};
		245C5DB51B21A0C000DA1686 /* Debug */ = {
			isa = XCBuildConfiguration;
			buildSettings = {
				ASSETCATALOG_COMPILER_APPICON_NAME = AppIcon;
				INFOPLIST_FILE = 6.5.UI.HW/Info.plist;
				LD_RUNPATH_SEARCH_PATHS = "$(inherited) @executable_path/Frameworks";
				PRODUCT_NAME = "$(TARGET_NAME)";
			};
			name = Debug;
		};
		245C5DB61B21A0C000DA1686 /* Release */ = {
			isa = XCBuildConfiguration;
			buildSettings = {
				ASSETCATALOG_COMPILER_APPICON_NAME = AppIcon;
				INFOPLIST_FILE = 6.5.UI.HW/Info.plist;
				LD_RUNPATH_SEARCH_PATHS = "$(inherited) @executable_path/Frameworks";
				PRODUCT_NAME = "$(TARGET_NAME)";
			};
			name = Release;
		};
		245C5DB81B21A0C000DA1686 /* Debug */ = {
			isa = XCBuildConfiguration;
			buildSettings = {
				BUNDLE_LOADER = "$(TEST_HOST)";
				FRAMEWORK_SEARCH_PATHS = (
					"$(SDKROOT)/Developer/Library/Frameworks",
					"$(inherited)",
				);
				GCC_PREPROCESSOR_DEFINITIONS = (
					"DEBUG=1",
					"$(inherited)",
				);
				INFOPLIST_FILE = 6.5.UI.HWTests/Info.plist;
				LD_RUNPATH_SEARCH_PATHS = "$(inherited) @executable_path/Frameworks @loader_path/Frameworks";
				PRODUCT_NAME = "$(TARGET_NAME)";
				TEST_HOST = "$(BUILT_PRODUCTS_DIR)/6.5.UI.HW.app/6.5.UI.HW";
			};
			name = Debug;
		};
		245C5DB91B21A0C000DA1686 /* Release */ = {
			isa = XCBuildConfiguration;
			buildSettings = {
				BUNDLE_LOADER = "$(TEST_HOST)";
				FRAMEWORK_SEARCH_PATHS = (
					"$(SDKROOT)/Developer/Library/Frameworks",
					"$(inherited)",
				);
				INFOPLIST_FILE = 6.5.UI.HWTests/Info.plist;
				LD_RUNPATH_SEARCH_PATHS = "$(inherited) @executable_path/Frameworks @loader_path/Frameworks";
				PRODUCT_NAME = "$(TARGET_NAME)";
				TEST_HOST = "$(BUILT_PRODUCTS_DIR)/6.5.UI.HW.app/6.5.UI.HW";
			};
			name = Release;
		};
/* End XCBuildConfiguration section */

/* Begin XCConfigurationList section */
		245C5D8C1B21A0BF00DA1686 /* Build configuration list for PBXProject "6.5.UI.HW" */ = {
			isa = XCConfigurationList;
			buildConfigurations = (
				245C5DB21B21A0C000DA1686 /* Debug */,
				245C5DB31B21A0C000DA1686 /* Release */,
			);
			defaultConfigurationIsVisible = 0;
			defaultConfigurationName = Release;
		};
		245C5DB41B21A0C000DA1686 /* Build configuration list for PBXNativeTarget "6.5.UI.HW" */ = {
			isa = XCConfigurationList;
			buildConfigurations = (
				245C5DB51B21A0C000DA1686 /* Debug */,
				245C5DB61B21A0C000DA1686 /* Release */,
			);
			defaultConfigurationIsVisible = 0;
		};
		245C5DB71B21A0C000DA1686 /* Build configuration list for PBXNativeTarget "6.5.UI.HWTests" */ = {
			isa = XCConfigurationList;
			buildConfigurations = (
				245C5DB81B21A0C000DA1686 /* Debug */,
				245C5DB91B21A0C000DA1686 /* Release */,
			);
			defaultConfigurationIsVisible = 0;
		};
/* End XCConfigurationList section */
	};
	rootObject = 245C5D891B21A0BF00DA1686 /* Project object */;
}
